
Microsoft Visual Studio Solution File, Format Version 12.00
# Visual Studio Version 17
VisualStudioVersion = 17.7.34009.444
MinimumVisualStudioVersion = 10.0.40219.1
Project("{FAE04EC0-301F-11D3-BF4B-00C04F79EFBC}") = "PositiveUEFNUtility", "PositiveUEFNUtility\PositiveUEFNUtility.csproj", "{579084D9-823F-4782-AEC0-809D7801AB42}"
EndProject
Global
	GlobalSection(SolutionConfigurationPlatforms) = preSolution
		Debug|Any CPU = Debug|Any CPU
		Release|Any CPU = Release|Any CPU
	EndGlobalSection
	GlobalSection(ProjectConfigurationPlatforms) = postSolution
		{579084D9-823F-4782-AEC0-809D7801AB42}.Debug|Any CPU.ActiveCfg = Debug|Any CPU
		{579084D9-823F-4782-AEC0-809D7801AB42}.Debug|Any CPU.Build.0 = Debug|Any CPU
		{579084D9-823F-4782-AEC0-809D7801AB42}.Release|Any CPU.ActiveCfg = Release|Any CPU
		{579084D9-823F-4782-AEC0-809D7801AB42}.Release|Any CPU.Build.0 = Release|Any CPU
	EndGlobalSection
	GlobalSection(SolutionProperties) = preSolution
		HideSolutionNode = FALSE
	EndGlobalSection
	GlobalSection(ExtensibilityGlobals) = postSolution
		SolutionGuid = {8BF31ECE-0343-4A29-B563-F4A502F8CFED}
	EndGlobalSection
EndGlobal
